
Microsoft Visual Studio Solution File, Format Version 12.00
# Visual Studio 15
VisualStudioVersion = 15.0.28010.2019
MinimumVisualStudioVersion = 10.0.40219.1
Project("{FAE04EC0-301F-11D3-BF4B-00C04F79EFBC}") = "DVCS_Website", "DVCS_Website\DVCS_Website.csproj", "{FBCA7AF1-A067-4A44-B053-0D5A5672BCB4}"
EndProject
Project("{FAE04EC0-301F-11D3-BF4B-00C04F79EFBC}") = "Demo Library", "Demo Library\Demo Library.csproj", "{D87E62C1-4A90-4843-8ED2-20C029A3FE0A}"
EndProject
Global
	GlobalSection(SolutionConfigurationPlatforms) = preSolution
		Debug|Any CPU = Debug|Any CPU
		Release|Any CPU = Release|Any CPU
	EndGlobalSection
	GlobalSection(ProjectConfigurationPlatforms) = postSolution
		{FBCA7AF1-A067-4A44-B053-0D5A5672BCB4}.Debug|Any CPU.ActiveCfg = Debug|Any CPU
		{FBCA7AF1-A067-4A44-B053-0D5A5672BCB4}.Debug|Any CPU.Build.0 = Debug|Any CPU
		{FBCA7AF1-A067-4A44-B053-0D5A5672BCB4}.Release|Any CPU.ActiveCfg = Release|Any CPU
		{FBCA7AF1-A067-4A44-B053-0D5A5672BCB4}.Release|Any CPU.Build.0 = Release|Any CPU
		{D87E62C1-4A90-4843-8ED2-20C029A3FE0A}.Debug|Any CPU.ActiveCfg = Debug|Any CPU
		{D87E62C1-4A90-4843-8ED2-20C029A3FE0A}.Debug|Any CPU.Build.0 = Debug|Any CPU
		{D87E62C1-4A90-4843-8ED2-20C029A3FE0A}.Release|Any CPU.ActiveCfg = Release|Any CPU
		{D87E62C1-4A90-4843-8ED2-20C029A3FE0A}.Release|Any CPU.Build.0 = Release|Any CPU
	EndGlobalSection
	GlobalSection(SolutionProperties) = preSolution
		HideSolutionNode = FALSE
	EndGlobalSection
	GlobalSection(ExtensibilityGlobals) = postSolution
		SolutionGuid = {EFD1F52A-5032-49BB-946C-DD6DD837B737}
	EndGlobalSection
EndGlobal
